
Microsoft Visual Studio Solution File, Format Version 12.00
# Visual Studio Version 16
VisualStudioVersion = 16.0.30907.101
MinimumVisualStudioVersion = 10.0.40219.1
Project("{FAE04EC0-301F-11D3-BF4B-00C04F79EFBC}") = "Assignment3Final", "Assignment3Final.csproj", "{BB2B5A72-0DB6-46BB-B637-F4494DC62C29}"
EndProject
Global
	GlobalSection(SolutionConfigurationPlatforms) = preSolution
		Debug|Any CPU = Debug|Any CPU
		Release|Any CPU = Release|Any CPU
	EndGlobalSection
	GlobalSection(ProjectConfigurationPlatforms) = postSolution
		{BB2B5A72-0DB6-46BB-B637-F4494DC62C29}.Debug|Any CPU.ActiveCfg = Debug|Any CPU
		{BB2B5A72-0DB6-46BB-B637-F4494DC62C29}.Debug|Any CPU.Build.0 = Debug|Any CPU
		{BB2B5A72-0DB6-46BB-B637-F4494DC62C29}.Release|Any CPU.ActiveCfg = Release|Any CPU
		{BB2B5A72-0DB6-46BB-B637-F4494DC62C29}.Release|Any CPU.Build.0 = Release|Any CPU
	EndGlobalSection
	GlobalSection(SolutionProperties) = preSolution
		HideSolutionNode = FALSE
	EndGlobalSection
	GlobalSection(ExtensibilityGlobals) = postSolution
		SolutionGuid = {2DCC93C4-113D-4440-95A7-B3CAEF1ABC7A}
	EndGlobalSection
EndGlobal
